
Microsoft Visual Studio Solution File, Format Version 12.00
# Visual Studio Version 17
VisualStudioVersion = 17.9.34728.123
MinimumVisualStudioVersion = 10.0.40219.1
Project("{FAE04EC0-301F-11D3-BF4B-00C04F79EFBC}") = "Rakais_EL3lag", "Rakais_EL3lag\Rakais_EL3lag.csproj", "{981C808E-F5E2-4385-A76D-CC9396DDD09E}"
EndProject
Global
	GlobalSection(SolutionConfigurationPlatforms) = preSolution
		Debug|Any CPU = Debug|Any CPU
		Release|Any CPU = Release|Any CPU
	EndGlobalSection
	GlobalSection(ProjectConfigurationPlatforms) = postSolution
		{981C808E-F5E2-4385-A76D-CC9396DDD09E}.Debug|Any CPU.ActiveCfg = Debug|Any CPU
		{981C808E-F5E2-4385-A76D-CC9396DDD09E}.Debug|Any CPU.Build.0 = Debug|Any CPU
		{981C808E-F5E2-4385-A76D-CC9396DDD09E}.Release|Any CPU.ActiveCfg = Release|Any CPU
		{981C808E-F5E2-4385-A76D-CC9396DDD09E}.Release|Any CPU.Build.0 = Release|Any CPU
	EndGlobalSection
	GlobalSection(SolutionProperties) = preSolution
		HideSolutionNode = FALSE
	EndGlobalSection
	GlobalSection(ExtensibilityGlobals) = postSolution
		SolutionGuid = {6C00C863-FD1B-4161-843D-566DB1B95570}
	EndGlobalSection
EndGlobal
